<Solution>
  <Project Path="DotNetAssembliesApiExtractor/DotNetAssembliesApiExtractor.csproj" />
  <Folder Name="/TestAssemblies/" />
  <Folder Name="/TestAssemblies/Net48Wpf/">
    <Project Path="TestAssemblies/Net48Wpf/TestAssemblies.Net48Wpf.csproj" />
  </Folder>
  <Project Path="DotNetAssembliesApiExtractor.Tests/DotNetAssembliesApiExtractor.Tests.csproj" />
  <Project Path="TestAssemblies/Net35/TestAssemblies.Net35.csproj" Id="5d8d6f86-5b12-4e8f-93e1-8d1a4c9f6b1a" />
  <Project Path="TestAssemblies/Net45/TestAssemblies.Net45.csproj" />
  <Project Path="TestAssemblies/Net48/TestAssemblies.Net48.csproj" />
  <Project Path="TestAssemblies/NetCoreApp3.1/TestAssemblies.NetCoreApp3.1.csproj" />
  <Project Path="TestAssemblies/Net5/TestAssemblies.Net5.csproj" />
  <Project Path="TestAssemblies/Net6/TestAssemblies.Net6.csproj" />
  <Project Path="TestAssemblies/Net10/TestAssemblies.Net10.csproj" />
</Solution>
